
Microsoft Visual Studio Solution File, Format Version 12.00
# Visual Studio Version 17
VisualStudioVersion = 17.0.31825.309
MinimumVisualStudioVersion = 10.0.40219.1
Project("{9A19103F-16F7-4668-BE54-9A1E7A4F7556}") = "Md5Pwner", "src\Md5Pwner\Md5Pwner.csproj", "{1B967F24-2620-4217-A5C4-727175A06DBA}"
EndProject
Global
	GlobalSection(SolutionConfigurationPlatforms) = preSolution
		Debug|Any CPU = Debug|Any CPU
		Release|Any CPU = Release|Any CPU
	EndGlobalSection
	GlobalSection(ProjectConfigurationPlatforms) = postSolution
		{1B967F24-2620-4217-A5C4-727175A06DBA}.Debug|Any CPU.ActiveCfg = Debug|Any CPU
		{1B967F24-2620-4217-A5C4-727175A06DBA}.Debug|Any CPU.Build.0 = Debug|Any CPU
		{1B967F24-2620-4217-A5C4-727175A06DBA}.Release|Any CPU.ActiveCfg = Release|Any CPU
		{1B967F24-2620-4217-A5C4-727175A06DBA}.Release|Any CPU.Build.0 = Release|Any CPU
	EndGlobalSection
	GlobalSection(SolutionProperties) = preSolution
		HideSolutionNode = FALSE
	EndGlobalSection
	GlobalSection(ExtensibilityGlobals) = postSolution
		SolutionGuid = {27F79331-E67B-4323-A6DB-1DA7308EE5AC}
	EndGlobalSection
EndGlobal
